
Microsoft Visual Studio Solution File, Format Version 12.00
# Visual Studio Version 16
VisualStudioVersion = 25.0.1703.5
MinimumVisualStudioVersion = 10.0.40219.1
Project("{FAE04EC0-301F-11D3-BF4B-00C04F79EFBC}") = "Sumeet_Ankita_HW5", "Sumeet_Ankita_HW5\Sumeet_Ankita_HW5.csproj", "{9D04C178-E80D-4E3D-ACE3-238B48DE20AE}"
EndProject
Global
	GlobalSection(SolutionConfigurationPlatforms) = preSolution
		Debug|Any CPU = Debug|Any CPU
		Release|Any CPU = Release|Any CPU
	EndGlobalSection
	GlobalSection(ProjectConfigurationPlatforms) = postSolution
		{9D04C178-E80D-4E3D-ACE3-238B48DE20AE}.Debug|Any CPU.ActiveCfg = Debug|Any CPU
		{9D04C178-E80D-4E3D-ACE3-238B48DE20AE}.Debug|Any CPU.Build.0 = Debug|Any CPU
		{9D04C178-E80D-4E3D-ACE3-238B48DE20AE}.Release|Any CPU.ActiveCfg = Release|Any CPU
		{9D04C178-E80D-4E3D-ACE3-238B48DE20AE}.Release|Any CPU.Build.0 = Release|Any CPU
	EndGlobalSection
	GlobalSection(SolutionProperties) = preSolution
		HideSolutionNode = FALSE
	EndGlobalSection
	GlobalSection(ExtensibilityGlobals) = postSolution
		SolutionGuid = {E96896BC-35C9-44D2-B973-0F1AFA2668AA}
	EndGlobalSection
EndGlobal
